
Microsoft Visual Studio Solution File, Format Version 12.00
# Visual Studio Version 17
VisualStudioVersion = 17.2.32630.192
MinimumVisualStudioVersion = 10.0.40219.1
Project("{FAE04EC0-301F-11D3-BF4B-00C04F79EFBC}") = "Randomize", "Randomize\Randomize.csproj", "{9A9B03DB-482F-4C25-8FB6-E6EAB1145CD9}"
EndProject
Global
	GlobalSection(SolutionConfigurationPlatforms) = preSolution
		Debug|Any CPU = Debug|Any CPU
		Release|Any CPU = Release|Any CPU
	EndGlobalSection
	GlobalSection(ProjectConfigurationPlatforms) = postSolution
		{9A9B03DB-482F-4C25-8FB6-E6EAB1145CD9}.Debug|Any CPU.ActiveCfg = Debug|Any CPU
		{9A9B03DB-482F-4C25-8FB6-E6EAB1145CD9}.Debug|Any CPU.Build.0 = Debug|Any CPU
		{9A9B03DB-482F-4C25-8FB6-E6EAB1145CD9}.Release|Any CPU.ActiveCfg = Release|Any CPU
		{9A9B03DB-482F-4C25-8FB6-E6EAB1145CD9}.Release|Any CPU.Build.0 = Release|Any CPU
	EndGlobalSection
	GlobalSection(SolutionProperties) = preSolution
		HideSolutionNode = FALSE
	EndGlobalSection
	GlobalSection(ExtensibilityGlobals) = postSolution
		SolutionGuid = {443D8481-3EC9-4DB8-8102-0E795BFFB487}
	EndGlobalSection
EndGlobal
